
Microsoft Visual Studio Solution File, Format Version 12.00
# Visual Studio Version 17
VisualStudioVersion = 17.0.31919.166
MinimumVisualStudioVersion = 10.0.40219.1
Project("{FAE04EC0-301F-11D3-BF4B-00C04F79EFBC}") = "Digital_Classroom", "Digital_Classroom\Digital_Classroom.csproj", "{D92BBC55-FEA4-48CC-AE6B-E8DEF163E581}"
EndProject
Global
	GlobalSection(SolutionConfigurationPlatforms) = preSolution
		Debug|Any CPU = Debug|Any CPU
		Release|Any CPU = Release|Any CPU
	EndGlobalSection
	GlobalSection(ProjectConfigurationPlatforms) = postSolution
		{D92BBC55-FEA4-48CC-AE6B-E8DEF163E581}.Debug|Any CPU.ActiveCfg = Debug|Any CPU
		{D92BBC55-FEA4-48CC-AE6B-E8DEF163E581}.Debug|Any CPU.Build.0 = Debug|Any CPU
		{D92BBC55-FEA4-48CC-AE6B-E8DEF163E581}.Release|Any CPU.ActiveCfg = Release|Any CPU
		{D92BBC55-FEA4-48CC-AE6B-E8DEF163E581}.Release|Any CPU.Build.0 = Release|Any CPU
	EndGlobalSection
	GlobalSection(SolutionProperties) = preSolution
		HideSolutionNode = FALSE
	EndGlobalSection
	GlobalSection(ExtensibilityGlobals) = postSolution
		SolutionGuid = {0F672E9C-A12E-4CF8-8FC1-4A455A2D83D7}
	EndGlobalSection
EndGlobal
